
Microsoft Visual Studio Solution File, Format Version 12.00
# Visual Studio Version 16
VisualStudioVersion = 16.0.31911.196
MinimumVisualStudioVersion = 10.0.40219.1
Project("{FAE04EC0-301F-11D3-BF4B-00C04F79EFBC}") = "Wpf_task_13", "Wpf_task_13\Wpf_task_13.csproj", "{419C2AB4-8121-42E6-BC75-C1AC9A47CCE0}"
EndProject
Global
	GlobalSection(SolutionConfigurationPlatforms) = preSolution
		Debug|Any CPU = Debug|Any CPU
		Release|Any CPU = Release|Any CPU
	EndGlobalSection
	GlobalSection(ProjectConfigurationPlatforms) = postSolution
		{419C2AB4-8121-42E6-BC75-C1AC9A47CCE0}.Debug|Any CPU.ActiveCfg = Debug|Any CPU
		{419C2AB4-8121-42E6-BC75-C1AC9A47CCE0}.Debug|Any CPU.Build.0 = Debug|Any CPU
		{419C2AB4-8121-42E6-BC75-C1AC9A47CCE0}.Release|Any CPU.ActiveCfg = Release|Any CPU
		{419C2AB4-8121-42E6-BC75-C1AC9A47CCE0}.Release|Any CPU.Build.0 = Release|Any CPU
	EndGlobalSection
	GlobalSection(SolutionProperties) = preSolution
		HideSolutionNode = FALSE
	EndGlobalSection
	GlobalSection(ExtensibilityGlobals) = postSolution
		SolutionGuid = {5477DB36-AE07-4797-ACB2-E9344A02E07D}
	EndGlobalSection
EndGlobal
